{
  "name": "synaphack-hackhub",
  "lockfileVersion": 3,
  "requires": true,
  "packages": {
    "": {
      "name": "synaphack-hackhub",
      "dependencies": {
        "@prisma/client": "^6.14.0"
      },
      "devDependencies": {}
    },
    "node_modules/@prisma/client": {
      "version": "6.14.0",
      "resolved": "https://registry.npmjs.org/@prisma/client/-/client-6.14.0.tgz",
      "integrity": "sha512-8E/Nk3eL5g7RQIg/LUj1ICyDmhD053STjxrPxUtCRybs2s/2sOEcx9NpITuAOPn07HEpWBfhAVe1T/HYWXUPOw==",
      "hasInstallScript": true,
      "engines": {
        "node": ">=18.18"
      },
      "peerDependencies": {
        "prisma": "*",
        "typescript": ">=5.1.0"
      },
      "peerDependenciesMeta": {
        "prisma": {
          "optional": true
        },
        "typescript": {
          "optional": true
        }
      }
    }
  }
}
